
Microsoft Visual Studio Solution File, Format Version 12.00
# Visual Studio Version 17
VisualStudioVersion = 17.5.33502.453
MinimumVisualStudioVersion = 10.0.40219.1
Project("{FAE04EC0-301F-11D3-BF4B-00C04F79EFBC}") = "ObserverDesingPattern1", "ObserverDesingPattern\ObserverDesingPattern1.csproj", "{58F54CA1-D3B4-4221-B4E6-D4E476C9E8A8}"
EndProject
Project("{FAE04EC0-301F-11D3-BF4B-00C04F79EFBC}") = "ObServerDesingPattern2", "ObServerDesingPattern2\ObServerDesingPattern2.csproj", "{4F077B03-402B-4CC9-886D-E747968F8007}"
EndProject
Project("{FAE04EC0-301F-11D3-BF4B-00C04F79EFBC}") = "ObServerDesingPattern3", "ObServerDesingPattern3\ObServerDesingPattern3.csproj", "{31CD3065-45D2-4CE6-86CB-08F0229FAE46}"
EndProject
Project("{FAE04EC0-301F-11D3-BF4B-00C04F79EFBC}") = "ObserverDesingPattern4", "ObserverDesingPattern4\ObserverDesingPattern4.csproj", "{3AEFAC70-6503-43B3-8AA4-5C598122FF72}"
EndProject
Project("{FAE04EC0-301F-11D3-BF4B-00C04F79EFBC}") = "ObServerDesingPattern5", "ObServerDesingPattern5\ObServerDesingPattern5.csproj", "{2A4822EE-9A69-4A07-BC88-178A0619591D}"
EndProject
Global
	GlobalSection(SolutionConfigurationPlatforms) = preSolution
		Debug|Any CPU = Debug|Any CPU
		Release|Any CPU = Release|Any CPU
	EndGlobalSection
	GlobalSection(ProjectConfigurationPlatforms) = postSolution
		{58F54CA1-D3B4-4221-B4E6-D4E476C9E8A8}.Debug|Any CPU.ActiveCfg = Debug|Any CPU
		{58F54CA1-D3B4-4221-B4E6-D4E476C9E8A8}.Debug|Any CPU.Build.0 = Debug|Any CPU
		{58F54CA1-D3B4-4221-B4E6-D4E476C9E8A8}.Release|Any CPU.ActiveCfg = Release|Any CPU
		{58F54CA1-D3B4-4221-B4E6-D4E476C9E8A8}.Release|Any CPU.Build.0 = Release|Any CPU
		{4F077B03-402B-4CC9-886D-E747968F8007}.Debug|Any CPU.ActiveCfg = Debug|Any CPU
		{4F077B03-402B-4CC9-886D-E747968F8007}.Debug|Any CPU.Build.0 = Debug|Any CPU
		{4F077B03-402B-4CC9-886D-E747968F8007}.Release|Any CPU.ActiveCfg = Release|Any CPU
		{4F077B03-402B-4CC9-886D-E747968F8007}.Release|Any CPU.Build.0 = Release|Any CPU
		{31CD3065-45D2-4CE6-86CB-08F0229FAE46}.Debug|Any CPU.ActiveCfg = Debug|Any CPU
		{31CD3065-45D2-4CE6-86CB-08F0229FAE46}.Debug|Any CPU.Build.0 = Debug|Any CPU
		{31CD3065-45D2-4CE6-86CB-08F0229FAE46}.Release|Any CPU.ActiveCfg = Release|Any CPU
		{31CD3065-45D2-4CE6-86CB-08F0229FAE46}.Release|Any CPU.Build.0 = Release|Any CPU
		{3AEFAC70-6503-43B3-8AA4-5C598122FF72}.Debug|Any CPU.ActiveCfg = Debug|Any CPU
		{3AEFAC70-6503-43B3-8AA4-5C598122FF72}.Debug|Any CPU.Build.0 = Debug|Any CPU
		{3AEFAC70-6503-43B3-8AA4-5C598122FF72}.Release|Any CPU.ActiveCfg = Release|Any CPU
		{3AEFAC70-6503-43B3-8AA4-5C598122FF72}.Release|Any CPU.Build.0 = Release|Any CPU
		{2A4822EE-9A69-4A07-BC88-178A0619591D}.Debug|Any CPU.ActiveCfg = Debug|Any CPU
		{2A4822EE-9A69-4A07-BC88-178A0619591D}.Debug|Any CPU.Build.0 = Debug|Any CPU
		{2A4822EE-9A69-4A07-BC88-178A0619591D}.Release|Any CPU.ActiveCfg = Release|Any CPU
		{2A4822EE-9A69-4A07-BC88-178A0619591D}.Release|Any CPU.Build.0 = Release|Any CPU
	EndGlobalSection
	GlobalSection(SolutionProperties) = preSolution
		HideSolutionNode = FALSE
	EndGlobalSection
	GlobalSection(ExtensibilityGlobals) = postSolution
		SolutionGuid = {E6D1A58E-A898-4642-9598-D436E3C5BED9}
	EndGlobalSection
EndGlobal
